
Microsoft Visual Studio Solution File, Format Version 12.00
Project("{FAE04EC0-301F-11D3-BF4B-00C04F79EFBC}") = "MusicLyricApp", "MusicLyricApp\MusicLyricApp.csproj", "{D59B3009-88A6-4F4E-9FF1-2365E2D5ED8B}"
EndProject
Project("{FAE04EC0-301F-11D3-BF4B-00C04F79EFBC}") = "MusicLyricApp.Tests", "MusicLyricApp.Tests\MusicLyricApp.Tests.csproj", "{EB59E244-5B84-4187-93F0-ED8417FD4523}"
EndProject
Project("{FAE04EC0-301F-11D3-BF4B-00C04F79EFBC}") = "MusicLyricApp.CLI", "MusicLyricApp.CLI\MusicLyricApp.CLI.csproj", "{A4BF97B5-E20F-45BF-9F0F-10DA08072179}"
EndProject
Global
	GlobalSection(SolutionConfigurationPlatforms) = preSolution
		Debug|Any CPU = Debug|Any CPU
		Debug|x64 = Debug|x64
		Debug|x86 = Debug|x86
		Release|Any CPU = Release|Any CPU
		Release|x64 = Release|x64
		Release|x86 = Release|x86
	EndGlobalSection
	GlobalSection(ProjectConfigurationPlatforms) = postSolution
		{D59B3009-88A6-4F4E-9FF1-2365E2D5ED8B}.Debug|Any CPU.ActiveCfg = Debug|Any CPU
		{D59B3009-88A6-4F4E-9FF1-2365E2D5ED8B}.Debug|Any CPU.Build.0 = Debug|Any CPU
		{D59B3009-88A6-4F4E-9FF1-2365E2D5ED8B}.Debug|x64.ActiveCfg = Debug|Any CPU
		{D59B3009-88A6-4F4E-9FF1-2365E2D5ED8B}.Debug|x64.Build.0 = Debug|Any CPU
		{D59B3009-88A6-4F4E-9FF1-2365E2D5ED8B}.Debug|x86.ActiveCfg = Debug|Any CPU
		{D59B3009-88A6-4F4E-9FF1-2365E2D5ED8B}.Debug|x86.Build.0 = Debug|Any CPU
		{D59B3009-88A6-4F4E-9FF1-2365E2D5ED8B}.Release|Any CPU.ActiveCfg = Release|Any CPU
		{D59B3009-88A6-4F4E-9FF1-2365E2D5ED8B}.Release|Any CPU.Build.0 = Release|Any CPU
		{D59B3009-88A6-4F4E-9FF1-2365E2D5ED8B}.Release|x64.ActiveCfg = Release|Any CPU
		{D59B3009-88A6-4F4E-9FF1-2365E2D5ED8B}.Release|x64.Build.0 = Release|Any CPU
		{D59B3009-88A6-4F4E-9FF1-2365E2D5ED8B}.Release|x86.ActiveCfg = Release|Any CPU
		{D59B3009-88A6-4F4E-9FF1-2365E2D5ED8B}.Release|x86.Build.0 = Release|Any CPU
		{EB59E244-5B84-4187-93F0-ED8417FD4523}.Debug|Any CPU.ActiveCfg = Debug|Any CPU
		{EB59E244-5B84-4187-93F0-ED8417FD4523}.Debug|Any CPU.Build.0 = Debug|Any CPU
		{EB59E244-5B84-4187-93F0-ED8417FD4523}.Debug|x64.ActiveCfg = Debug|Any CPU
		{EB59E244-5B84-4187-93F0-ED8417FD4523}.Debug|x64.Build.0 = Debug|Any CPU
		{EB59E244-5B84-4187-93F0-ED8417FD4523}.Debug|x86.ActiveCfg = Debug|Any CPU
		{EB59E244-5B84-4187-93F0-ED8417FD4523}.Debug|x86.Build.0 = Debug|Any CPU
		{EB59E244-5B84-4187-93F0-ED8417FD4523}.Release|Any CPU.ActiveCfg = Release|Any CPU
		{EB59E244-5B84-4187-93F0-ED8417FD4523}.Release|Any CPU.Build.0 = Release|Any CPU
		{EB59E244-5B84-4187-93F0-ED8417FD4523}.Release|x64.ActiveCfg = Release|Any CPU
		{EB59E244-5B84-4187-93F0-ED8417FD4523}.Release|x64.Build.0 = Release|Any CPU
		{EB59E244-5B84-4187-93F0-ED8417FD4523}.Release|x86.ActiveCfg = Release|Any CPU
		{EB59E244-5B84-4187-93F0-ED8417FD4523}.Release|x86.Build.0 = Release|Any CPU
		{A4BF97B5-E20F-45BF-9F0F-10DA08072179}.Debug|Any CPU.ActiveCfg = Debug|Any CPU
		{A4BF97B5-E20F-45BF-9F0F-10DA08072179}.Debug|Any CPU.Build.0 = Debug|Any CPU
		{A4BF97B5-E20F-45BF-9F0F-10DA08072179}.Debug|x64.ActiveCfg = Debug|Any CPU
		{A4BF97B5-E20F-45BF-9F0F-10DA08072179}.Debug|x64.Build.0 = Debug|Any CPU
		{A4BF97B5-E20F-45BF-9F0F-10DA08072179}.Debug|x86.ActiveCfg = Debug|Any CPU
		{A4BF97B5-E20F-45BF-9F0F-10DA08072179}.Debug|x86.Build.0 = Debug|Any CPU
		{A4BF97B5-E20F-45BF-9F0F-10DA08072179}.Release|Any CPU.ActiveCfg = Release|Any CPU
		{A4BF97B5-E20F-45BF-9F0F-10DA08072179}.Release|Any CPU.Build.0 = Release|Any CPU
		{A4BF97B5-E20F-45BF-9F0F-10DA08072179}.Release|x64.ActiveCfg = Release|Any CPU
		{A4BF97B5-E20F-45BF-9F0F-10DA08072179}.Release|x64.Build.0 = Release|Any CPU
		{A4BF97B5-E20F-45BF-9F0F-10DA08072179}.Release|x86.ActiveCfg = Release|Any CPU
		{A4BF97B5-E20F-45BF-9F0F-10DA08072179}.Release|x86.Build.0 = Release|Any CPU
	EndGlobalSection
	GlobalSection(SolutionProperties) = preSolution
		HideSolutionNode = FALSE
	EndGlobalSection
EndGlobal
